
Microsoft Visual Studio Solution File, Format Version 12.00
# Visual Studio 15
VisualStudioVersion = 15.0.26403.7
MinimumVisualStudioVersion = 10.0.40219.1
Project("{FAE04EC0-301F-11D3-BF4B-00C04F79EFBC}") = "CometEngineTester", "CometEngineTester\CometEngineTester.csproj", "{3E0481FD-4637-41C3-A02F-00E7BAB13B32}"
EndProject
Project("{2150E333-8FDC-42A3-9474-1A3956D46DE8}") = "CometEngineCommon", "CometEngineCommon", "{DCF9EFA7-6F8C-4C6A-978E-0DC09F123A7E}"
EndProject
Project("{8BC9CEB8-8B4A-11D0-8D11-00A0C91BC942}") = "CometEngine", "CometEngineCommon\CometEngine\CometEngine.vcxproj", "{30D58CF3-B039-4164-A4D0-3D0BA15B94CE}"
EndProject
Project("{FAE04EC0-301F-11D3-BF4B-00C04F79EFBC}") = "CometEngineLib", "CometEngineCommon\CometEngineLib\CometEngineLib.csproj", "{7D8FAC87-0B3E-43B8-A0A4-B996A2A12427}"
EndProject
Project("{2150E333-8FDC-42A3-9474-1A3956D46DE8}") = "CometEngineServer", "CometEngineServer", "{94A60AF5-381D-4C94-9AE2-45B6735B0A81}"
EndProject
Project("{2150E333-8FDC-42A3-9474-1A3956D46DE8}") = "CometEngineClient", "CometEngineClient", "{929C1CEB-9A8A-47A9-940B-6D556EFD9FEA}"
EndProject
Project("{8BC9CEB8-8B4A-11D0-8D11-00A0C91BC942}") = "CometEngineWin32", "CometEngineClient\CometEngineWin32\CometEngineWin32.vcxproj", "{2E1468D3-8B91-45C9-9632-EEC6C67B7176}"
EndProject
Project("{8BC9CEB8-8B4A-11D0-8D11-00A0C91BC942}") = "CometEngineRenderer", "CometEngineRenderer\CometEngineRenderer.vcxproj", "{1097D1B2-B907-4293-812E-4A7A3F0F4C80}"
EndProject
Project("{8BC9CEB8-8B4A-11D0-8D11-00A0C91BC942}") = "CometEngineGeometry", "CometEngineGeometry\CometEngineGeometry.vcxproj", "{1AF92ED1-BB1A-4313-9D7F-9E0F65294FEF}"
EndProject
Project("{8BC9CEB8-8B4A-11D0-8D11-00A0C91BC942}") = "CometEngineCollision", "CometEngineCollision\CometEngineCollision.vcxproj", "{7D51E3CD-E816-41C1-87F3-610A86B1188A}"
EndProject
Project("{8BC9CEB8-8B4A-11D0-8D11-00A0C91BC942}") = "CometEngineNetwork", "CometEngineNetwork\CometEngineNetwork.vcxproj", "{09AC3830-1A19-4CA9-89AD-E7EBF123D368}"
EndProject
Project("{8BC9CEB8-8B4A-11D0-8D11-00A0C91BC942}") = "CometEngineFiles", "CometEngineFiles\CometEngineFiles.vcxproj", "{B8C59D64-4FB1-4654-9A3C-A7CF85466B64}"
EndProject
Project("{8BC9CEB8-8B4A-11D0-8D11-00A0C91BC942}") = "CometEngineDB", "CometEngineDB\CometEngineDB.vcxproj", "{6AEAA23B-B578-413C-91F9-5364CA188136}"
EndProject
Global
	GlobalSection(SolutionConfigurationPlatforms) = preSolution
		Debug|Any CPU = Debug|Any CPU
		Debug|x64 = Debug|x64
		Debug|x86 = Debug|x86
		Release|Any CPU = Release|Any CPU
		Release|x64 = Release|x64
		Release|x86 = Release|x86
	EndGlobalSection
	GlobalSection(ProjectConfigurationPlatforms) = postSolution
		{3E0481FD-4637-41C3-A02F-00E7BAB13B32}.Debug|Any CPU.ActiveCfg = Debug|Any CPU
		{3E0481FD-4637-41C3-A02F-00E7BAB13B32}.Debug|Any CPU.Build.0 = Debug|Any CPU
		{3E0481FD-4637-41C3-A02F-00E7BAB13B32}.Debug|x64.ActiveCfg = Debug|Any CPU
		{3E0481FD-4637-41C3-A02F-00E7BAB13B32}.Debug|x64.Build.0 = Debug|Any CPU
		{3E0481FD-4637-41C3-A02F-00E7BAB13B32}.Debug|x86.ActiveCfg = Debug|Any CPU
		{3E0481FD-4637-41C3-A02F-00E7BAB13B32}.Debug|x86.Build.0 = Debug|Any CPU
		{3E0481FD-4637-41C3-A02F-00E7BAB13B32}.Release|Any CPU.ActiveCfg = Release|Any CPU
		{3E0481FD-4637-41C3-A02F-00E7BAB13B32}.Release|Any CPU.Build.0 = Release|Any CPU
		{3E0481FD-4637-41C3-A02F-00E7BAB13B32}.Release|x64.ActiveCfg = Release|Any CPU
		{3E0481FD-4637-41C3-A02F-00E7BAB13B32}.Release|x64.Build.0 = Release|Any CPU
		{3E0481FD-4637-41C3-A02F-00E7BAB13B32}.Release|x86.ActiveCfg = Release|Any CPU
		{3E0481FD-4637-41C3-A02F-00E7BAB13B32}.Release|x86.Build.0 = Release|Any CPU
		{30D58CF3-B039-4164-A4D0-3D0BA15B94CE}.Debug|Any CPU.ActiveCfg = Debug|Win32
		{30D58CF3-B039-4164-A4D0-3D0BA15B94CE}.Debug|x64.ActiveCfg = Debug|x64
		{30D58CF3-B039-4164-A4D0-3D0BA15B94CE}.Debug|x64.Build.0 = Debug|x64
		{30D58CF3-B039-4164-A4D0-3D0BA15B94CE}.Debug|x86.ActiveCfg = Debug|Win32
		{30D58CF3-B039-4164-A4D0-3D0BA15B94CE}.Debug|x86.Build.0 = Debug|Win32
		{30D58CF3-B039-4164-A4D0-3D0BA15B94CE}.Release|Any CPU.ActiveCfg = Release|Win32
		{30D58CF3-B039-4164-A4D0-3D0BA15B94CE}.Release|x64.ActiveCfg = Release|x64
		{30D58CF3-B039-4164-A4D0-3D0BA15B94CE}.Release|x64.Build.0 = Release|x64
		{30D58CF3-B039-4164-A4D0-3D0BA15B94CE}.Release|x86.ActiveCfg = Release|Win32
		{30D58CF3-B039-4164-A4D0-3D0BA15B94CE}.Release|x86.Build.0 = Release|Win32
		{7D8FAC87-0B3E-43B8-A0A4-B996A2A12427}.Debug|Any CPU.ActiveCfg = Debug|Any CPU
		{7D8FAC87-0B3E-43B8-A0A4-B996A2A12427}.Debug|Any CPU.Build.0 = Debug|Any CPU
		{7D8FAC87-0B3E-43B8-A0A4-B996A2A12427}.Debug|x64.ActiveCfg = Debug|Any CPU
		{7D8FAC87-0B3E-43B8-A0A4-B996A2A12427}.Debug|x64.Build.0 = Debug|Any CPU
		{7D8FAC87-0B3E-43B8-A0A4-B996A2A12427}.Debug|x86.ActiveCfg = Debug|Any CPU
		{7D8FAC87-0B3E-43B8-A0A4-B996A2A12427}.Debug|x86.Build.0 = Debug|Any CPU
		{7D8FAC87-0B3E-43B8-A0A4-B996A2A12427}.Release|Any CPU.ActiveCfg = Release|Any CPU
		{7D8FAC87-0B3E-43B8-A0A4-B996A2A12427}.Release|Any CPU.Build.0 = Release|Any CPU
		{7D8FAC87-0B3E-43B8-A0A4-B996A2A12427}.Release|x64.ActiveCfg = Release|Any CPU
		{7D8FAC87-0B3E-43B8-A0A4-B996A2A12427}.Release|x64.Build.0 = Release|Any CPU
		{7D8FAC87-0B3E-43B8-A0A4-B996A2A12427}.Release|x86.ActiveCfg = Release|Any CPU
		{7D8FAC87-0B3E-43B8-A0A4-B996A2A12427}.Release|x86.Build.0 = Release|Any CPU
		{2E1468D3-8B91-45C9-9632-EEC6C67B7176}.Debug|Any CPU.ActiveCfg = Debug|Win32
		{2E1468D3-8B91-45C9-9632-EEC6C67B7176}.Debug|x64.ActiveCfg = Debug|x64
		{2E1468D3-8B91-45C9-9632-EEC6C67B7176}.Debug|x64.Build.0 = Debug|x64
		{2E1468D3-8B91-45C9-9632-EEC6C67B7176}.Debug|x86.ActiveCfg = Debug|Win32
		{2E1468D3-8B91-45C9-9632-EEC6C67B7176}.Debug|x86.Build.0 = Debug|Win32
		{2E1468D3-8B91-45C9-9632-EEC6C67B7176}.Release|Any CPU.ActiveCfg = Release|Win32
		{2E1468D3-8B91-45C9-9632-EEC6C67B7176}.Release|x64.ActiveCfg = Release|x64
		{2E1468D3-8B91-45C9-9632-EEC6C67B7176}.Release|x64.Build.0 = Release|x64
		{2E1468D3-8B91-45C9-9632-EEC6C67B7176}.Release|x86.ActiveCfg = Release|Win32
		{2E1468D3-8B91-45C9-9632-EEC6C67B7176}.Release|x86.Build.0 = Release|Win32
		{1097D1B2-B907-4293-812E-4A7A3F0F4C80}.Debug|Any CPU.ActiveCfg = Debug|Win32
		{1097D1B2-B907-4293-812E-4A7A3F0F4C80}.Debug|x64.ActiveCfg = Debug|x64
		{1097D1B2-B907-4293-812E-4A7A3F0F4C80}.Debug|x64.Build.0 = Debug|x64
		{1097D1B2-B907-4293-812E-4A7A3F0F4C80}.Debug|x86.ActiveCfg = Debug|Win32
		{1097D1B2-B907-4293-812E-4A7A3F0F4C80}.Debug|x86.Build.0 = Debug|Win32
		{1097D1B2-B907-4293-812E-4A7A3F0F4C80}.Release|Any CPU.ActiveCfg = Release|Win32
		{1097D1B2-B907-4293-812E-4A7A3F0F4C80}.Release|x64.ActiveCfg = Release|x64
		{1097D1B2-B907-4293-812E-4A7A3F0F4C80}.Release|x64.Build.0 = Release|x64
		{1097D1B2-B907-4293-812E-4A7A3F0F4C80}.Release|x86.ActiveCfg = Release|Win32
		{1097D1B2-B907-4293-812E-4A7A3F0F4C80}.Release|x86.Build.0 = Release|Win32
		{1AF92ED1-BB1A-4313-9D7F-9E0F65294FEF}.Debug|Any CPU.ActiveCfg = Debug|Win32
		{1AF92ED1-BB1A-4313-9D7F-9E0F65294FEF}.Debug|x64.ActiveCfg = Debug|x64
		{1AF92ED1-BB1A-4313-9D7F-9E0F65294FEF}.Debug|x64.Build.0 = Debug|x64
		{1AF92ED1-BB1A-4313-9D7F-9E0F65294FEF}.Debug|x86.ActiveCfg = Debug|Win32
		{1AF92ED1-BB1A-4313-9D7F-9E0F65294FEF}.Debug|x86.Build.0 = Debug|Win32
		{1AF92ED1-BB1A-4313-9D7F-9E0F65294FEF}.Release|Any CPU.ActiveCfg = Release|Win32
		{1AF92ED1-BB1A-4313-9D7F-9E0F65294FEF}.Release|x64.ActiveCfg = Release|x64
		{1AF92ED1-BB1A-4313-9D7F-9E0F65294FEF}.Release|x64.Build.0 = Release|x64
		{1AF92ED1-BB1A-4313-9D7F-9E0F65294FEF}.Release|x86.ActiveCfg = Release|Win32
		{1AF92ED1-BB1A-4313-9D7F-9E0F65294FEF}.Release|x86.Build.0 = Release|Win32
		{7D51E3CD-E816-41C1-87F3-610A86B1188A}.Debug|Any CPU.ActiveCfg = Debug|Win32
		{7D51E3CD-E816-41C1-87F3-610A86B1188A}.Debug|x64.ActiveCfg = Debug|x64
		{7D51E3CD-E816-41C1-87F3-610A86B1188A}.Debug|x64.Build.0 = Debug|x64
		{7D51E3CD-E816-41C1-87F3-610A86B1188A}.Debug|x86.ActiveCfg = Debug|Win32
		{7D51E3CD-E816-41C1-87F3-610A86B1188A}.Debug|x86.Build.0 = Debug|Win32
		{7D51E3CD-E816-41C1-87F3-610A86B1188A}.Release|Any CPU.ActiveCfg = Release|Win32
		{7D51E3CD-E816-41C1-87F3-610A86B1188A}.Release|x64.ActiveCfg = Release|x64
		{7D51E3CD-E816-41C1-87F3-610A86B1188A}.Release|x64.Build.0 = Release|x64
		{7D51E3CD-E816-41C1-87F3-610A86B1188A}.Release|x86.ActiveCfg = Release|Win32
		{7D51E3CD-E816-41C1-87F3-610A86B1188A}.Release|x86.Build.0 = Release|Win32
		{09AC3830-1A19-4CA9-89AD-E7EBF123D368}.Debug|Any CPU.ActiveCfg = Debug|Win32
		{09AC3830-1A19-4CA9-89AD-E7EBF123D368}.Debug|x64.ActiveCfg = Debug|x64
		{09AC3830-1A19-4CA9-89AD-E7EBF123D368}.Debug|x64.Build.0 = Debug|x64
		{09AC3830-1A19-4CA9-89AD-E7EBF123D368}.Debug|x86.ActiveCfg = Debug|Win32
		{09AC3830-1A19-4CA9-89AD-E7EBF123D368}.Debug|x86.Build.0 = Debug|Win32
		{09AC3830-1A19-4CA9-89AD-E7EBF123D368}.Release|Any CPU.ActiveCfg = Release|Win32
		{09AC3830-1A19-4CA9-89AD-E7EBF123D368}.Release|x64.ActiveCfg = Release|x64
		{09AC3830-1A19-4CA9-89AD-E7EBF123D368}.Release|x64.Build.0 = Release|x64
		{09AC3830-1A19-4CA9-89AD-E7EBF123D368}.Release|x86.ActiveCfg = Release|Win32
		{09AC3830-1A19-4CA9-89AD-E7EBF123D368}.Release|x86.Build.0 = Release|Win32
		{B8C59D64-4FB1-4654-9A3C-A7CF85466B64}.Debug|Any CPU.ActiveCfg = Debug|Win32
		{B8C59D64-4FB1-4654-9A3C-A7CF85466B64}.Debug|x64.ActiveCfg = Debug|x64
		{B8C59D64-4FB1-4654-9A3C-A7CF85466B64}.Debug|x64.Build.0 = Debug|x64
		{B8C59D64-4FB1-4654-9A3C-A7CF85466B64}.Debug|x86.ActiveCfg = Debug|Win32
		{B8C59D64-4FB1-4654-9A3C-A7CF85466B64}.Debug|x86.Build.0 = Debug|Win32
		{B8C59D64-4FB1-4654-9A3C-A7CF85466B64}.Release|Any CPU.ActiveCfg = Release|Win32
		{B8C59D64-4FB1-4654-9A3C-A7CF85466B64}.Release|x64.ActiveCfg = Release|x64
		{B8C59D64-4FB1-4654-9A3C-A7CF85466B64}.Release|x64.Build.0 = Release|x64
		{B8C59D64-4FB1-4654-9A3C-A7CF85466B64}.Release|x86.ActiveCfg = Release|Win32
		{B8C59D64-4FB1-4654-9A3C-A7CF85466B64}.Release|x86.Build.0 = Release|Win32
		{6AEAA23B-B578-413C-91F9-5364CA188136}.Debug|Any CPU.ActiveCfg = Debug|Win32
		{6AEAA23B-B578-413C-91F9-5364CA188136}.Debug|x64.ActiveCfg = Debug|x64
		{6AEAA23B-B578-413C-91F9-5364CA188136}.Debug|x64.Build.0 = Debug|x64
		{6AEAA23B-B578-413C-91F9-5364CA188136}.Debug|x86.ActiveCfg = Debug|Win32
		{6AEAA23B-B578-413C-91F9-5364CA188136}.Debug|x86.Build.0 = Debug|Win32
		{6AEAA23B-B578-413C-91F9-5364CA188136}.Release|Any CPU.ActiveCfg = Release|Win32
		{6AEAA23B-B578-413C-91F9-5364CA188136}.Release|x64.ActiveCfg = Release|x64
		{6AEAA23B-B578-413C-91F9-5364CA188136}.Release|x64.Build.0 = Release|x64
		{6AEAA23B-B578-413C-91F9-5364CA188136}.Release|x86.ActiveCfg = Release|Win32
		{6AEAA23B-B578-413C-91F9-5364CA188136}.Release|x86.Build.0 = Release|Win32
	EndGlobalSection
	GlobalSection(SolutionProperties) = preSolution
		HideSolutionNode = FALSE
	EndGlobalSection
	GlobalSection(NestedProjects) = preSolution
		{30D58CF3-B039-4164-A4D0-3D0BA15B94CE} = {DCF9EFA7-6F8C-4C6A-978E-0DC09F123A7E}
		{7D8FAC87-0B3E-43B8-A0A4-B996A2A12427} = {DCF9EFA7-6F8C-4C6A-978E-0DC09F123A7E}
		{2E1468D3-8B91-45C9-9632-EEC6C67B7176} = {929C1CEB-9A8A-47A9-940B-6D556EFD9FEA}
		{1097D1B2-B907-4293-812E-4A7A3F0F4C80} = {929C1CEB-9A8A-47A9-940B-6D556EFD9FEA}
		{1AF92ED1-BB1A-4313-9D7F-9E0F65294FEF} = {DCF9EFA7-6F8C-4C6A-978E-0DC09F123A7E}
		{7D51E3CD-E816-41C1-87F3-610A86B1188A} = {DCF9EFA7-6F8C-4C6A-978E-0DC09F123A7E}
		{09AC3830-1A19-4CA9-89AD-E7EBF123D368} = {DCF9EFA7-6F8C-4C6A-978E-0DC09F123A7E}
		{B8C59D64-4FB1-4654-9A3C-A7CF85466B64} = {DCF9EFA7-6F8C-4C6A-978E-0DC09F123A7E}
		{6AEAA23B-B578-413C-91F9-5364CA188136} = {94A60AF5-381D-4C94-9AE2-45B6735B0A81}
	EndGlobalSection
EndGlobal
