
Microsoft Visual Studio Solution File, Format Version 12.00
# Visual Studio 15
VisualStudioVersion = 15.0.26228.9
MinimumVisualStudioVersion = 10.0.40219.1
Project("{FAE04EC0-301F-11D3-BF4B-00C04F79EFBC}") = "CometEngineTester", "CometEngineTester\CometEngineTester.csproj", "{3E0481FD-4637-41C3-A02F-00E7BAB13B32}"
EndProject
Project("{FAE04EC0-301F-11D3-BF4B-00C04F79EFBC}") = "CometEngineLib", "CometEngineLib\CometEngineLib.csproj", "{7D8FAC87-0B3E-43B8-A0A4-B996A2A12427}"
EndProject
Project("{8BC9CEB8-8B4A-11D0-8D11-00A0C91BC942}") = "CometEngine", "CometEngine\CometEngine.vcxproj", "{30D58CF3-B039-4164-A4D0-3D0BA15B94CE}"
EndProject
Global
	GlobalSection(SolutionConfigurationPlatforms) = preSolution
		Debug|Any CPU = Debug|Any CPU
		Debug|x64 = Debug|x64
		Debug|x86 = Debug|x86
		Release|Any CPU = Release|Any CPU
		Release|x64 = Release|x64
		Release|x86 = Release|x86
	EndGlobalSection
	GlobalSection(ProjectConfigurationPlatforms) = postSolution
		{3E0481FD-4637-41C3-A02F-00E7BAB13B32}.Debug|Any CPU.ActiveCfg = Debug|Any CPU
		{3E0481FD-4637-41C3-A02F-00E7BAB13B32}.Debug|Any CPU.Build.0 = Debug|Any CPU
		{3E0481FD-4637-41C3-A02F-00E7BAB13B32}.Debug|x64.ActiveCfg = Debug|Any CPU
		{3E0481FD-4637-41C3-A02F-00E7BAB13B32}.Debug|x64.Build.0 = Debug|Any CPU
		{3E0481FD-4637-41C3-A02F-00E7BAB13B32}.Debug|x86.ActiveCfg = Debug|Any CPU
		{3E0481FD-4637-41C3-A02F-00E7BAB13B32}.Debug|x86.Build.0 = Debug|Any CPU
		{3E0481FD-4637-41C3-A02F-00E7BAB13B32}.Release|Any CPU.ActiveCfg = Release|Any CPU
		{3E0481FD-4637-41C3-A02F-00E7BAB13B32}.Release|Any CPU.Build.0 = Release|Any CPU
		{3E0481FD-4637-41C3-A02F-00E7BAB13B32}.Release|x64.ActiveCfg = Release|Any CPU
		{3E0481FD-4637-41C3-A02F-00E7BAB13B32}.Release|x64.Build.0 = Release|Any CPU
		{3E0481FD-4637-41C3-A02F-00E7BAB13B32}.Release|x86.ActiveCfg = Release|Any CPU
		{3E0481FD-4637-41C3-A02F-00E7BAB13B32}.Release|x86.Build.0 = Release|Any CPU
		{7D8FAC87-0B3E-43B8-A0A4-B996A2A12427}.Debug|Any CPU.ActiveCfg = Debug|Any CPU
		{7D8FAC87-0B3E-43B8-A0A4-B996A2A12427}.Debug|Any CPU.Build.0 = Debug|Any CPU
		{7D8FAC87-0B3E-43B8-A0A4-B996A2A12427}.Debug|x64.ActiveCfg = Debug|Any CPU
		{7D8FAC87-0B3E-43B8-A0A4-B996A2A12427}.Debug|x64.Build.0 = Debug|Any CPU
		{7D8FAC87-0B3E-43B8-A0A4-B996A2A12427}.Debug|x86.ActiveCfg = Debug|Any CPU
		{7D8FAC87-0B3E-43B8-A0A4-B996A2A12427}.Debug|x86.Build.0 = Debug|Any CPU
		{7D8FAC87-0B3E-43B8-A0A4-B996A2A12427}.Release|Any CPU.ActiveCfg = Release|Any CPU
		{7D8FAC87-0B3E-43B8-A0A4-B996A2A12427}.Release|Any CPU.Build.0 = Release|Any CPU
		{7D8FAC87-0B3E-43B8-A0A4-B996A2A12427}.Release|x64.ActiveCfg = Release|Any CPU
		{7D8FAC87-0B3E-43B8-A0A4-B996A2A12427}.Release|x64.Build.0 = Release|Any CPU
		{7D8FAC87-0B3E-43B8-A0A4-B996A2A12427}.Release|x86.ActiveCfg = Release|Any CPU
		{7D8FAC87-0B3E-43B8-A0A4-B996A2A12427}.Release|x86.Build.0 = Release|Any CPU
		{30D58CF3-B039-4164-A4D0-3D0BA15B94CE}.Debug|Any CPU.ActiveCfg = Debug|Win32
		{30D58CF3-B039-4164-A4D0-3D0BA15B94CE}.Debug|x64.ActiveCfg = Debug|x64
		{30D58CF3-B039-4164-A4D0-3D0BA15B94CE}.Debug|x64.Build.0 = Debug|x64
		{30D58CF3-B039-4164-A4D0-3D0BA15B94CE}.Debug|x86.ActiveCfg = Debug|Win32
		{30D58CF3-B039-4164-A4D0-3D0BA15B94CE}.Debug|x86.Build.0 = Debug|Win32
		{30D58CF3-B039-4164-A4D0-3D0BA15B94CE}.Release|Any CPU.ActiveCfg = Release|Win32
		{30D58CF3-B039-4164-A4D0-3D0BA15B94CE}.Release|x64.ActiveCfg = Release|x64
		{30D58CF3-B039-4164-A4D0-3D0BA15B94CE}.Release|x64.Build.0 = Release|x64
		{30D58CF3-B039-4164-A4D0-3D0BA15B94CE}.Release|x86.ActiveCfg = Release|Win32
		{30D58CF3-B039-4164-A4D0-3D0BA15B94CE}.Release|x86.Build.0 = Release|Win32
	EndGlobalSection
	GlobalSection(SolutionProperties) = preSolution
		HideSolutionNode = FALSE
	EndGlobalSection
EndGlobal
