<?xml version="1.0" encoding="utf-8"?>
<Project ToolsVersion="4.0" xmlns="http://schemas.microsoft.com/developer/msbuild/2003">
  <ItemGroup>
    <Filter Include="Renderer">
      <UniqueIdentifier>{da8076e7-338e-4330-a35c-cf948fab14e2}</UniqueIdentifier>
    </Filter>
    <Filter Include="DLLExport">
      <UniqueIdentifier>{0f08513c-d73a-4c9c-a382-63cc1dfebb89}</UniqueIdentifier>
    </Filter>
  </ItemGroup>
  <ItemGroup>
    <ClInclude Include="Renderer\CometEngineDXRenderer.h">
      <Filter>Renderer</Filter>
    </ClInclude>
  </ItemGroup>
  <ItemGroup>
    <ClCompile Include="Renderer\CometEngineDXRenderer.cpp">
      <Filter>Renderer</Filter>
    </ClCompile>
    <ClCompile Include="DLLExport\DLLCometEngineRenderer.cpp">
      <Filter>DLLExport</Filter>
    </ClCompile>
  </ItemGroup>
</Project>