<?xml version="1.0" encoding="utf-8"?>
<Project ToolsVersion="4.0" xmlns="http://schemas.microsoft.com/developer/msbuild/2003">
  <ItemGroup>
    <ClCompile Include="Win32\CometEngineWin32.cpp">
      <Filter>ClientWin32</Filter>
    </ClCompile>
    <ClCompile Include="Win32\ICometEngine.cpp">
      <Filter>ClientWin32</Filter>
    </ClCompile>
  </ItemGroup>
  <ItemGroup>
    <Filter Include="ClientWin32">
      <UniqueIdentifier>{55c4a0ad-331a-483c-b077-8b162c0d9f3e}</UniqueIdentifier>
    </Filter>
    <Filter Include="Debug">
      <UniqueIdentifier>{90c03841-750f-41eb-940b-5608212f769c}</UniqueIdentifier>
    </Filter>
  </ItemGroup>
  <ItemGroup>
    <ClInclude Include="Core\CometEngine\__Debug.h">
      <Filter>Debug</Filter>
    </ClInclude>
    <ClInclude Include="Win32\CometEngineWin32.h">
      <Filter>ClientWin32</Filter>
    </ClInclude>
  </ItemGroup>
</Project>